
Microsoft Visual Studio Solution File, Format Version 12.00
# Visual Studio Version 17
VisualStudioVersion = 17.2.32630.192
MinimumVisualStudioVersion = 10.0.40219.1
Project("{9A19103F-16F7-4668-BE54-9A1E7A4F7556}") = "R5T.T0186", "R5T.T0186\R5T.T0186.csproj", "{BD56CC7F-15FF-4679-86A7-5D31FBEA44CD}"
EndProject
Project("{2150E333-8FDC-42A3-9474-1A3956D46DE8}") = "_Dependencies", "_Dependencies", "{4F964246-619C-43C3-8AAF-0CC41F318F79}"
EndProject
Project("{9A19103F-16F7-4668-BE54-9A1E7A4F7556}") = "R5T.T0132", "..\..\R5T.T0132\source\R5T.T0132\R5T.T0132.csproj", "{F6FD359A-6EFE-42C2-AA28-72C04C53F921}"
EndProject
Project("{9A19103F-16F7-4668-BE54-9A1E7A4F7556}") = "R5T.T0143", "..\..\R5T.T0143\source\R5T.T0143\R5T.T0143.csproj", "{86FBDB68-7136-439B-A381-F555029C93F3}"
EndProject
Project("{9A19103F-16F7-4668-BE54-9A1E7A4F7556}") = "R5T.T0178", "..\..\R5T.T0178\source\R5T.T0178\R5T.T0178.csproj", "{192D49A8-7794-4C85-8405-E1C55CD6F22D}"
EndProject
Project("{9A19103F-16F7-4668-BE54-9A1E7A4F7556}") = "R5T.T0179", "..\..\R5T.T0179\source\R5T.T0179\R5T.T0179.csproj", "{74C6A5BB-8219-4205-B3EB-6C4F91B2BE9F}"
EndProject
Project("{9A19103F-16F7-4668-BE54-9A1E7A4F7556}") = "R5T.T0184", "..\..\R5T.T0184\source\R5T.T0184\R5T.T0184.csproj", "{DEBDA2CF-B2A3-4F1F-865F-828BDA229A76}"
EndProject
Project("{9A19103F-16F7-4668-BE54-9A1E7A4F7556}") = "R5T.T0185", "..\..\R5T.T0185\source\R5T.T0185\R5T.T0185.csproj", "{BA78F7B4-6593-4A80-8D18-4DDE4C1F8964}"
EndProject
Global
	GlobalSection(NestedProjects) = preSolution
		{F6FD359A-6EFE-42C2-AA28-72C04C53F921} = {4F964246-619C-43C3-8AAF-0CC41F318F79}
		{86FBDB68-7136-439B-A381-F555029C93F3} = {4F964246-619C-43C3-8AAF-0CC41F318F79}
		{192D49A8-7794-4C85-8405-E1C55CD6F22D} = {4F964246-619C-43C3-8AAF-0CC41F318F79}
		{74C6A5BB-8219-4205-B3EB-6C4F91B2BE9F} = {4F964246-619C-43C3-8AAF-0CC41F318F79}
		{DEBDA2CF-B2A3-4F1F-865F-828BDA229A76} = {4F964246-619C-43C3-8AAF-0CC41F318F79}
		{BA78F7B4-6593-4A80-8D18-4DDE4C1F8964} = {4F964246-619C-43C3-8AAF-0CC41F318F79}
	EndGlobalSection
	GlobalSection(SolutionConfigurationPlatforms) = preSolution
		Debug|Any CPU = Debug|Any CPU
		Release|Any CPU = Release|Any CPU
	EndGlobalSection
	GlobalSection(ProjectConfigurationPlatforms) = postSolution
		{BD56CC7F-15FF-4679-86A7-5D31FBEA44CD}.Debug|Any CPU.ActiveCfg = Debug|Any CPU
		{BD56CC7F-15FF-4679-86A7-5D31FBEA44CD}.Debug|Any CPU.Build.0 = Debug|Any CPU
		{BD56CC7F-15FF-4679-86A7-5D31FBEA44CD}.Release|Any CPU.ActiveCfg = Release|Any CPU
		{BD56CC7F-15FF-4679-86A7-5D31FBEA44CD}.Release|Any CPU.Build.0 = Release|Any CPU
		{F6FD359A-6EFE-42C2-AA28-72C04C53F921}.Debug|Any CPU.ActiveCfg = Debug|Any CPU
		{F6FD359A-6EFE-42C2-AA28-72C04C53F921}.Debug|Any CPU.Build.0 = Debug|Any CPU
		{F6FD359A-6EFE-42C2-AA28-72C04C53F921}.Release|Any CPU.ActiveCfg = Release|Any CPU
		{F6FD359A-6EFE-42C2-AA28-72C04C53F921}.Release|Any CPU.Build.0 = Release|Any CPU
		{86FBDB68-7136-439B-A381-F555029C93F3}.Debug|Any CPU.ActiveCfg = Debug|Any CPU
		{86FBDB68-7136-439B-A381-F555029C93F3}.Debug|Any CPU.Build.0 = Debug|Any CPU
		{86FBDB68-7136-439B-A381-F555029C93F3}.Release|Any CPU.ActiveCfg = Release|Any CPU
		{86FBDB68-7136-439B-A381-F555029C93F3}.Release|Any CPU.Build.0 = Release|Any CPU
		{192D49A8-7794-4C85-8405-E1C55CD6F22D}.Debug|Any CPU.ActiveCfg = Debug|Any CPU
		{192D49A8-7794-4C85-8405-E1C55CD6F22D}.Debug|Any CPU.Build.0 = Debug|Any CPU
		{192D49A8-7794-4C85-8405-E1C55CD6F22D}.Release|Any CPU.ActiveCfg = Release|Any CPU
		{192D49A8-7794-4C85-8405-E1C55CD6F22D}.Release|Any CPU.Build.0 = Release|Any CPU
		{74C6A5BB-8219-4205-B3EB-6C4F91B2BE9F}.Debug|Any CPU.ActiveCfg = Debug|Any CPU
		{74C6A5BB-8219-4205-B3EB-6C4F91B2BE9F}.Debug|Any CPU.Build.0 = Debug|Any CPU
		{74C6A5BB-8219-4205-B3EB-6C4F91B2BE9F}.Release|Any CPU.ActiveCfg = Release|Any CPU
		{74C6A5BB-8219-4205-B3EB-6C4F91B2BE9F}.Release|Any CPU.Build.0 = Release|Any CPU
		{DEBDA2CF-B2A3-4F1F-865F-828BDA229A76}.Debug|Any CPU.ActiveCfg = Debug|Any CPU
		{DEBDA2CF-B2A3-4F1F-865F-828BDA229A76}.Debug|Any CPU.Build.0 = Debug|Any CPU
		{DEBDA2CF-B2A3-4F1F-865F-828BDA229A76}.Release|Any CPU.ActiveCfg = Release|Any CPU
		{DEBDA2CF-B2A3-4F1F-865F-828BDA229A76}.Release|Any CPU.Build.0 = Release|Any CPU
		{BA78F7B4-6593-4A80-8D18-4DDE4C1F8964}.Debug|Any CPU.ActiveCfg = Debug|Any CPU
		{BA78F7B4-6593-4A80-8D18-4DDE4C1F8964}.Debug|Any CPU.Build.0 = Debug|Any CPU
		{BA78F7B4-6593-4A80-8D18-4DDE4C1F8964}.Release|Any CPU.ActiveCfg = Release|Any CPU
		{BA78F7B4-6593-4A80-8D18-4DDE4C1F8964}.Release|Any CPU.Build.0 = Release|Any CPU
	EndGlobalSection
	GlobalSection(SolutionProperties) = preSolution
		HideSolutionNode = FALSE
	EndGlobalSection
	GlobalSection(ExtensibilityGlobals) = postSolution
		SolutionGuid = {85EBBA07-3461-4385-AF65-3E5E67952153}
	EndGlobalSection
EndGlobal
